// !$*UTF8*$!
{
	archiveVersion = 1;
	classes = {
	};
	objectVersion = 56;
	objects = {

/* Begin PBXBuildFile section */
		F99D39B92A59A38400B54A2D /* AppDelegate.swift in Sources */ = {isa = PBXBuildFile; fileRef = F99D39B82A59A38400B54A2D /* AppDelegate.swift */; };
		F99D39BB2A59A38400B54A2D /* SceneDelegate.swift in Sources */ = {isa = PBXBuildFile; fileRef = F99D39BA2A59A38400B54A2D /* SceneDelegate.swift */; };
		F99D39BD2A59A38400B54A2D /* MainViewController.swift in Sources */ = {isa = PBXBuildFile; fileRef = F99D39BC2A59A38400B54A2D /* MainViewController.swift */; };
		F99D39C32A59A38400B54A2D /* Time2Eat.xcdatamodeld in Sources */ = {isa = PBXBuildFile; fileRef = F99D39C12A59A38400B54A2D /* Time2Eat.xcdatamodeld */; };
		F99D39C52A59A38400B54A2D /* Assets.xcassets in Resources */ = {isa = PBXBuildFile; fileRef = F99D39C42A59A38400B54A2D /* Assets.xcassets */; };
		F99D39C82A59A38400B54A2D /* LaunchScreen.storyboard in Resources */ = {isa = PBXBuildFile; fileRef = F99D39C62A59A38400B54A2D /* LaunchScreen.storyboard */; };
/* End PBXBuildFile section */

/* Begin PBXFileReference section */
		F99D39B52A59A38400B54A2D /* Time2Eat.app */ = {isa = PBXFileReference; explicitFileType = wrapper.application; includeInIndex = 0; path = Time2Eat.app; sourceTree = BUILT_PRODUCTS_DIR; };
		F99D39B82A59A38400B54A2D /* AppDelegate.swift */ = {isa = PBXFileReference; lastKnownFileType = sourcecode.swift; path = AppDelegate.swift; sourceTree = "<group>"; };
		F99D39BA2A59A38400B54A2D /* SceneDelegate.swift */ = {isa = PBXFileReference; lastKnownFileType = sourcecode.swift; path = SceneDelegate.swift; sourceTree = "<group>"; };
		F99D39BC2A59A38400B54A2D /* MainViewController.swift */ = {isa = PBXFileReference; lastKnownFileType = sourcecode.swift; path = MainViewController.swift; sourceTree = "<group>"; };
		F99D39C22A59A38400B54A2D /* Time2Eat.xcdatamodel */ = {isa = PBXFileReference; lastKnownFileType = wrapper.xcdatamodel; path = Time2Eat.xcdatamodel; sourceTree = "<group>"; };
		F99D39C42A59A38400B54A2D /* Assets.xcassets */ = {isa = PBXFileReference; lastKnownFileType = folder.assetcatalog; path = Assets.xcassets; sourceTree = "<group>"; };
		F99D39C72A59A38400B54A2D /* Base */ = {isa = PBXFileReference; lastKnownFileType = file.storyboard; name = Base; path = Base.lproj/LaunchScreen.storyboard; sourceTree = "<group>"; };
		F99D39C92A59A38400B54A2D /* Info.plist */ = {isa = PBXFileReference; lastKnownFileType = text.plist.xml; path = Info.plist; sourceTree = "<group>"; };
/* End PBXFileReference section */

/* Begin PBXFrameworksBuildPhase section */
		F99D39B22A59A38400B54A2D /* Frameworks */ = {
			isa = PBXFrameworksBuildPhase;
			buildActionMask = 2147483647;
			files = (
			);
			runOnlyForDeploymentPostprocessing = 0;
		};
/* End PBXFrameworksBuildPhase section */

/* Begin PBXGroup section */
		F99D39AC2A59A38400B54A2D = {
			isa = PBXGroup;
			children = (
				F99D39B72A59A38400B54A2D /* Time2Eat */,
				F99D39B62A59A38400B54A2D /* Products */,
			);
			sourceTree = "<group>";
		};
		F99D39B62A59A38400B54A2D /* Products */ = {
			isa = PBXGroup;
			children = (
				F99D39B52A59A38400B54A2D /* Time2Eat.app */,
			);
			name = Products;
			sourceTree = "<group>";
		};
		F99D39B72A59A38400B54A2D /* Time2Eat */ = {
			isa = PBXGroup;
			children = (
				F99D39D12A59A48C00B54A2D /* MainModule */,
				F99D39D02A59A46F00B54A2D /* Support */,
				F99D39CF2A59A39000B54A2D /* Application */,
				F99D39C62A59A38400B54A2D /* LaunchScreen.storyboard */,
			);
			path = Time2Eat;
			sourceTree = "<group>";
		};
		F99D39CF2A59A39000B54A2D /* Application */ = {
			isa = PBXGroup;
			children = (
				F99D39B82A59A38400B54A2D /* AppDelegate.swift */,
				F99D39BA2A59A38400B54A2D /* SceneDelegate.swift */,
			);
			path = Application;
			sourceTree = "<group>";
		};
		F99D39D02A59A46F00B54A2D /* Support */ = {
			isa = PBXGroup;
			children = (
				F99D39C42A59A38400B54A2D /* Assets.xcassets */,
				F99D39C92A59A38400B54A2D /* Info.plist */,
				F99D39C12A59A38400B54A2D /* Time2Eat.xcdatamodeld */,
			);
			path = Support;
			sourceTree = "<group>";
		};
		F99D39D12A59A48C00B54A2D /* MainModule */ = {
			isa = PBXGroup;
			children = (
				F99D39D42A59ABE000B54A2D /* Controller */,
				F99D39D32A59ABD500B54A2D /* Views */,
			);
			path = MainModule;
			sourceTree = "<group>";
		};
		F99D39D32A59ABD500B54A2D /* Views */ = {
			isa = PBXGroup;
			children = (
			);
			path = Views;
			sourceTree = "<group>";
		};
		F99D39D42A59ABE000B54A2D /* Controller */ = {
			isa = PBXGroup;
			children = (
				F99D39BC2A59A38400B54A2D /* MainViewController.swift */,
			);
			path = Controller;
			sourceTree = "<group>";
		};
/* End PBXGroup section */

/* Begin PBXNativeTarget section */
		F99D39B42A59A38400B54A2D /* Time2Eat */ = {
			isa = PBXNativeTarget;
			buildConfigurationList = F99D39CC2A59A38400B54A2D /* Build configuration list for PBXNativeTarget "Time2Eat" */;
			buildPhases = (
				F99D39B12A59A38400B54A2D /* Sources */,
				F99D39B22A59A38400B54A2D /* Frameworks */,
				F99D39B32A59A38400B54A2D /* Resources */,
			);
			buildRules = (
			);
			dependencies = (
			);
			name = Time2Eat;
			productName = Time2Eat;
			productReference = F99D39B52A59A38400B54A2D /* Time2Eat.app */;
			productType = "com.apple.product-type.application";
		};
/* End PBXNativeTarget section */

/* Begin PBXProject section */
		F99D39AD2A59A38400B54A2D /* Project object */ = {
			isa = PBXProject;
			attributes = {
				BuildIndependentTargetsInParallel = 1;
				LastSwiftUpdateCheck = 1420;
				LastUpgradeCheck = 1420;
				TargetAttributes = {
					F99D39B42A59A38400B54A2D = {
						CreatedOnToolsVersion = 14.2;
					};
				};
			};
			buildConfigurationList = F99D39B02A59A38400B54A2D /* Build configuration list for PBXProject "Time2Eat" */;
			compatibilityVersion = "Xcode 14.0";
			developmentRegion = en;
			hasScannedForEncodings = 0;
			knownRegions = (
				en,
				Base,
			);
			mainGroup = F99D39AC2A59A38400B54A2D;
			productRefGroup = F99D39B62A59A38400B54A2D /* Products */;
			projectDirPath = "";
			projectRoot = "";
			targets = (
				F99D39B42A59A38400B54A2D /* Time2Eat */,
			);
		};
/* End PBXProject section */

/* Begin PBXResourcesBuildPhase section */
		F99D39B32A59A38400B54A2D /* Resources */ = {
			isa = PBXResourcesBuildPhase;
			buildActionMask = 2147483647;
			files = (
				F99D39C82A59A38400B54A2D /* LaunchScreen.storyboard in Resources */,
				F99D39C52A59A38400B54A2D /* Assets.xcassets in Resources */,
			);
			runOnlyForDeploymentPostprocessing = 0;
		};
/* End PBXResourcesBuildPhase section */

/* Begin PBXSourcesBuildPhase section */
		F99D39B12A59A38400B54A2D /* Sources */ = {
			isa = PBXSourcesBuildPhase;
			buildActionMask = 2147483647;
			files = (
				F99D39C32A59A38400B54A2D /* Time2Eat.xcdatamodeld in Sources */,
				F99D39BD2A59A38400B54A2D /* MainViewController.swift in Sources */,
				F99D39B92A59A38400B54A2D /* AppDelegate.swift in Sources */,
				F99D39BB2A59A38400B54A2D /* SceneDelegate.swift in Sources */,
			);
			runOnlyForDeploymentPostprocessing = 0;
		};
/* End PBXSourcesBuildPhase section */

/* Begin PBXVariantGroup section */
		F99D39C62A59A38400B54A2D /* LaunchScreen.storyboard */ = {
			isa = PBXVariantGroup;
			children = (
				F99D39C72A59A38400B54A2D /* Base */,
			);
			name = LaunchScreen.storyboard;
			sourceTree = "<group>";
		};
/* End PBXVariantGroup section */

/* Begin XCBuildConfiguration section */
		F99D39CA2A59A38400B54A2D /* Debug */ = {
			isa = XCBuildConfiguration;
			buildSettings = {
				ALWAYS_SEARCH_USER_PATHS = NO;
				CLANG_ANALYZER_NONNULL = YES;
				CLANG_ANALYZER_NUMBER_OBJECT_CONVERSION = YES_AGGRESSIVE;
				CLANG_CXX_LANGUAGE_STANDARD = "gnu++20";
				CLANG_ENABLE_MODULES = YES;
				CLANG_ENABLE_OBJC_ARC = YES;
				CLANG_ENABLE_OBJC_WEAK = YES;
				CLANG_WARN_BLOCK_CAPTURE_AUTORELEASING = YES;
				CLANG_WARN_BOOL_CONVERSION = YES;
				CLANG_WARN_COMMA = YES;
				CLANG_WARN_CONSTANT_CONVERSION = YES;
				CLANG_WARN_DEPRECATED_OBJC_IMPLEMENTATIONS = YES;
				CLANG_WARN_DIRECT_OBJC_ISA_USAGE = YES_ERROR;
				CLANG_WARN_DOCUMENTATION_COMMENTS = YES;
				CLANG_WARN_EMPTY_BODY = YES;
				CLANG_WARN_ENUM_CONVERSION = YES;
				CLANG_WARN_INFINITE_RECURSION = YES;
				CLANG_WARN_INT_CONVERSION = YES;
				CLANG_WARN_NON_LITERAL_NULL_CONVERSION = YES;
				CLANG_WARN_OBJC_IMPLICIT_RETAIN_SELF = YES;
				CLANG_WARN_OBJC_LITERAL_CONVERSION = YES;
				CLANG_WARN_OBJC_ROOT_CLASS = YES_ERROR;
				CLANG_WARN_QUOTED_INCLUDE_IN_FRAMEWORK_HEADER = YES;
				CLANG_WARN_RANGE_LOOP_ANALYSIS = YES;
				CLANG_WARN_STRICT_PROTOTYPES = YES;
				CLANG_WARN_SUSPICIOUS_MOVE = YES;
				CLANG_WARN_UNGUARDED_AVAILABILITY = YES_AGGRESSIVE;
				CLANG_WARN_UNREACHABLE_CODE = YES;
				CLANG_WARN__DUPLICATE_METHOD_MATCH = YES;
				COPY_PHASE_STRIP = NO;
				DEBUG_INFORMATION_FORMAT = dwarf;
				ENABLE_STRICT_OBJC_MSGSEND = YES;
				ENABLE_TESTABILITY = YES;
				GCC_C_LANGUAGE_STANDARD = gnu11;
				GCC_DYNAMIC_NO_PIC = NO;
				GCC_NO_COMMON_BLOCKS = YES;
				GCC_OPTIMIZATION_LEVEL = 0;
				GCC_PREPROCESSOR_DEFINITIONS = (
					"DEBUG=1",
					"$(inherited)",
				);
				GCC_WARN_64_TO_32_BIT_CONVERSION = YES;
				GCC_WARN_ABOUT_RETURN_TYPE = YES_ERROR;
				GCC_WARN_UNDECLARED_SELECTOR = YES;
				GCC_WARN_UNINITIALIZED_AUTOS = YES_AGGRESSIVE;
				GCC_WARN_UNUSED_FUNCTION = YES;
				GCC_WARN_UNUSED_VARIABLE = YES;
				IPHONEOS_DEPLOYMENT_TARGET = 16.2;
				MTL_ENABLE_DEBUG_INFO = INCLUDE_SOURCE;
				MTL_FAST_MATH = YES;
				ONLY_ACTIVE_ARCH = YES;
				SDKROOT = iphoneos;
				SWIFT_ACTIVE_COMPILATION_CONDITIONS = DEBUG;
				SWIFT_OPTIMIZATION_LEVEL = "-Onone";
			};
			name = Debug;
		};
		F99D39CB2A59A38400B54A2D /* Release */ = {
			isa = XCBuildConfiguration;
			buildSettings = {
				ALWAYS_SEARCH_USER_PATHS = NO;
				CLANG_ANALYZER_NONNULL = YES;
				CLANG_ANALYZER_NUMBER_OBJECT_CONVERSION = YES_AGGRESSIVE;
				CLANG_CXX_LANGUAGE_STANDARD = "gnu++20";
				CLANG_ENABLE_MODULES = YES;
				CLANG_ENABLE_OBJC_ARC = YES;
				CLANG_ENABLE_OBJC_WEAK = YES;
				CLANG_WARN_BLOCK_CAPTURE_AUTORELEASING = YES;
				CLANG_WARN_BOOL_CONVERSION = YES;
				CLANG_WARN_COMMA = YES;
				CLANG_WARN_CONSTANT_CONVERSION = YES;
				CLANG_WARN_DEPRECATED_OBJC_IMPLEMENTATIONS = YES;
				CLANG_WARN_DIRECT_OBJC_ISA_USAGE = YES_ERROR;
				CLANG_WARN_DOCUMENTATION_COMMENTS = YES;
				CLANG_WARN_EMPTY_BODY = YES;
				CLANG_WARN_ENUM_CONVERSION = YES;
				CLANG_WARN_INFINITE_RECURSION = YES;
				CLANG_WARN_INT_CONVERSION = YES;
				CLANG_WARN_NON_LITERAL_NULL_CONVERSION = YES;
				CLANG_WARN_OBJC_IMPLICIT_RETAIN_SELF = YES;
				CLANG_WARN_OBJC_LITERAL_CONVERSION = YES;
				CLANG_WARN_OBJC_ROOT_CLASS = YES_ERROR;
				CLANG_WARN_QUOTED_INCLUDE_IN_FRAMEWORK_HEADER = YES;
				CLANG_WARN_RANGE_LOOP_ANALYSIS = YES;
				CLANG_WARN_STRICT_PROTOTYPES = YES;
				CLANG_WARN_SUSPICIOUS_MOVE = YES;
				CLANG_WARN_UNGUARDED_AVAILABILITY = YES_AGGRESSIVE;
				CLANG_WARN_UNREACHABLE_CODE = YES;
				CLANG_WARN__DUPLICATE_METHOD_MATCH = YES;
				COPY_PHASE_STRIP = NO;
				DEBUG_INFORMATION_FORMAT = "dwarf-with-dsym";
				ENABLE_NS_ASSERTIONS = NO;
				ENABLE_STRICT_OBJC_MSGSEND = YES;
				GCC_C_LANGUAGE_STANDARD = gnu11;
				GCC_NO_COMMON_BLOCKS = YES;
				GCC_WARN_64_TO_32_BIT_CONVERSION = YES;
				GCC_WARN_ABOUT_RETURN_TYPE = YES_ERROR;
				GCC_WARN_UNDECLARED_SELECTOR = YES;
				GCC_WARN_UNINITIALIZED_AUTOS = YES_AGGRESSIVE;
				GCC_WARN_UNUSED_FUNCTION = YES;
				GCC_WARN_UNUSED_VARIABLE = YES;
				IPHONEOS_DEPLOYMENT_TARGET = 16.2;
				MTL_ENABLE_DEBUG_INFO = NO;
				MTL_FAST_MATH = YES;
				SDKROOT = iphoneos;
				SWIFT_COMPILATION_MODE = wholemodule;
				SWIFT_OPTIMIZATION_LEVEL = "-O";
				VALIDATE_PRODUCT = YES;
			};
			name = Release;
		};
		F99D39CD2A59A38400B54A2D /* Debug */ = {
			isa = XCBuildConfiguration;
			buildSettings = {
				ASSETCATALOG_COMPILER_APPICON_NAME = AppIcon;
				ASSETCATALOG_COMPILER_GLOBAL_ACCENT_COLOR_NAME = AccentColor;
				CODE_SIGN_STYLE = Automatic;
				CURRENT_PROJECT_VERSION = 1;
				DEVELOPMENT_TEAM = 3N8G2G522U;
				GENERATE_INFOPLIST_FILE = YES;
				INFOPLIST_FILE = Time2Eat/Info.plist;
				INFOPLIST_KEY_UIApplicationSupportsIndirectInputEvents = YES;
				INFOPLIST_KEY_UILaunchStoryboardName = LaunchScreen;
				INFOPLIST_KEY_UISupportedInterfaceOrientations_iPad = "UIInterfaceOrientationPortrait UIInterfaceOrientationPortraitUpsideDown UIInterfaceOrientationLandscapeLeft UIInterfaceOrientationLandscapeRight";
				INFOPLIST_KEY_UISupportedInterfaceOrientations_iPhone = "UIInterfaceOrientationPortrait UIInterfaceOrientationLandscapeLeft UIInterfaceOrientationLandscapeRight";
				LD_RUNPATH_SEARCH_PATHS = (
					"$(inherited)",
					"@executable_path/Frameworks",
				);
				MARKETING_VERSION = 1.0;
				PRODUCT_BUNDLE_IDENTIFIER = iOliver.Time2Eat;
				PRODUCT_NAME = "$(TARGET_NAME)";
				SWIFT_EMIT_LOC_STRINGS = YES;
				SWIFT_VERSION = 5.0;
				TARGETED_DEVICE_FAMILY = "1,2";
			};
			name = Debug;
		};
		F99D39CE2A59A38400B54A2D /* Release */ = {
			isa = XCBuildConfiguration;
			buildSettings = {
				ASSETCATALOG_COMPILER_APPICON_NAME = AppIcon;
				ASSETCATALOG_COMPILER_GLOBAL_ACCENT_COLOR_NAME = AccentColor;
				CODE_SIGN_STYLE = Automatic;
				CURRENT_PROJECT_VERSION = 1;
				DEVELOPMENT_TEAM = 3N8G2G522U;
				GENERATE_INFOPLIST_FILE = YES;
				INFOPLIST_FILE = Time2Eat/Info.plist;
				INFOPLIST_KEY_UIApplicationSupportsIndirectInputEvents = YES;
				INFOPLIST_KEY_UILaunchStoryboardName = LaunchScreen;
				INFOPLIST_KEY_UISupportedInterfaceOrientations_iPad = "UIInterfaceOrientationPortrait UIInterfaceOrientationPortraitUpsideDown UIInterfaceOrientationLandscapeLeft UIInterfaceOrientationLandscapeRight";
				INFOPLIST_KEY_UISupportedInterfaceOrientations_iPhone = "UIInterfaceOrientationPortrait UIInterfaceOrientationLandscapeLeft UIInterfaceOrientationLandscapeRight";
				LD_RUNPATH_SEARCH_PATHS = (
					"$(inherited)",
					"@executable_path/Frameworks",
				);
				MARKETING_VERSION = 1.0;
				PRODUCT_BUNDLE_IDENTIFIER = iOliver.Time2Eat;
				PRODUCT_NAME = "$(TARGET_NAME)";
				SWIFT_EMIT_LOC_STRINGS = YES;
				SWIFT_VERSION = 5.0;
				TARGETED_DEVICE_FAMILY = "1,2";
			};
			name = Release;
		};
/* End XCBuildConfiguration section */

/* Begin XCConfigurationList section */
		F99D39B02A59A38400B54A2D /* Build configuration list for PBXProject "Time2Eat" */ = {
			isa = XCConfigurationList;
			buildConfigurations = (
				F99D39CA2A59A38400B54A2D /* Debug */,
				F99D39CB2A59A38400B54A2D /* Release */,
			);
			defaultConfigurationIsVisible = 0;
			defaultConfigurationName = Release;
		};
		F99D39CC2A59A38400B54A2D /* Build configuration list for PBXNativeTarget "Time2Eat" */ = {
			isa = XCConfigurationList;
			buildConfigurations = (
				F99D39CD2A59A38400B54A2D /* Debug */,
				F99D39CE2A59A38400B54A2D /* Release */,
			);
			defaultConfigurationIsVisible = 0;
			defaultConfigurationName = Release;
		};
/* End XCConfigurationList section */

/* Begin XCVersionGroup section */
		F99D39C12A59A38400B54A2D /* Time2Eat.xcdatamodeld */ = {
			isa = XCVersionGroup;
			children = (
				F99D39C22A59A38400B54A2D /* Time2Eat.xcdatamodel */,
			);
			currentVersion = F99D39C22A59A38400B54A2D /* Time2Eat.xcdatamodel */;
			path = Time2Eat.xcdatamodeld;
			sourceTree = "<group>";
			versionGroupType = wrapper.xcdatamodel;
		};
/* End XCVersionGroup section */
	};
	rootObject = F99D39AD2A59A38400B54A2D /* Project object */;
}
